
Microsoft Visual Studio Solution File, Format Version 12.00
# Visual Studio Version 17
VisualStudioVersion = 17.1.32414.318
MinimumVisualStudioVersion = 10.0.40219.1
Project("{8BC9CEB8-8B4A-11D0-8D11-00A0C91BC942}") = "Win32Tutorial", "Win32Tutorial\Win32Tutorial.vcxproj", "{6E479A9D-0FED-407F-A7D7-69E918AB6C7E}"
EndProject
Global
	GlobalSection(SolutionConfigurationPlatforms) = preSolution
		Debug|x64 = Debug|x64
		Debug|x86 = Debug|x86
		Release|x64 = Release|x64
		Release|x86 = Release|x86
	EndGlobalSection
	GlobalSection(ProjectConfigurationPlatforms) = postSolution
		{6E479A9D-0FED-407F-A7D7-69E918AB6C7E}.Debug|x64.ActiveCfg = Debug|x64
		{6E479A9D-0FED-407F-A7D7-69E918AB6C7E}.Debug|x64.Build.0 = Debug|x64
		{6E479A9D-0FED-407F-A7D7-69E918AB6C7E}.Debug|x86.ActiveCfg = Debug|Win32
		{6E479A9D-0FED-407F-A7D7-69E918AB6C7E}.Debug|x86.Build.0 = Debug|Win32
		{6E479A9D-0FED-407F-A7D7-69E918AB6C7E}.Release|x64.ActiveCfg = Release|x64
		{6E479A9D-0FED-407F-A7D7-69E918AB6C7E}.Release|x64.Build.0 = Release|x64
		{6E479A9D-0FED-407F-A7D7-69E918AB6C7E}.Release|x86.ActiveCfg = Release|Win32
		{6E479A9D-0FED-407F-A7D7-69E918AB6C7E}.Release|x86.Build.0 = Release|Win32
	EndGlobalSection
	GlobalSection(SolutionProperties) = preSolution
		HideSolutionNode = FALSE
	EndGlobalSection
	GlobalSection(ExtensibilityGlobals) = postSolution
		SolutionGuid = {8E44FDBA-CFF6-4C6E-9E39-C1EB5436817C}
	EndGlobalSection
EndGlobal
